# This file is autogenerated, do not edit; changes may be undone by the next 'dep ensure'.


[[projects]]
  digest = "1:dca729bebfccef90a95380d377e03657f1345aba84c36b6fede86c9af697e4e1"
  name = "github.com/moesif/moesifapi-go"
  packages = [
    ".",
    "models",
  ]
  pruneopts = "UT"
  revision = "d0fc725461d9e5315b799221cf1cebeb5e2af69b"
  version = "v1.0.5"

[[projects]]
  branch = "master"
  digest = "1:f8b491a7c25030a895a0e579742d07136e6958e77ef2d46e769db8eec4e58fcd"
  name = "golang.org/x/net"
  packages = [
    "context",
    "context/ctxhttp",
  ]
  pruneopts = "UT"
  revision = "4c5254603344ea4a8ae4bed7e296a9588303e14f"

[solve-meta]
  analyzer-name = "dep"
  analyzer-version = 1
  input-imports = [
    "github.com/moesif/moesifapi-go",
    "github.com/moesif/moesifapi-go/models",
  ]
  solver-name = "gps-cdcl"
  solver-version = 1
