# This file is autogenerated, do not edit; changes may be undone by the next 'dep ensure'.


[[projects]]
  digest = "1:97855e14d0a338ec734e0222571152ac6fdd9bd143ff182dab61fc1558ed688d"
  name = "github.com/moesif/moesifapi-go"
  packages = [
    ".",
    "models",
  ]
  pruneopts = "UT"
  revision = "61d8434084921441c059b139a157de6446220ac7"
  version = "v1.0.4"

[[projects]]
  branch = "master"
  digest = "1:f8b491a7c25030a895a0e579742d07136e6958e77ef2d46e769db8eec4e58fcd"
  name = "golang.org/x/net"
  packages = [
    "context",
    "context/ctxhttp",
  ]
  pruneopts = "UT"
  revision = "0ba52f642ac2f9371a88bfdde41f4b4e195a37c0"

[solve-meta]
  analyzer-name = "dep"
  analyzer-version = 1
  input-imports = [
    "github.com/moesif/moesifapi-go",
    "github.com/moesif/moesifapi-go/models",
  ]
  solver-name = "gps-cdcl"
  solver-version = 1
